
Microsoft Visual Studio Solution File, Format Version 12.00
# Visual Studio Version 16
VisualStudioVersion = 16.0.29709.97
MinimumVisualStudioVersion = 10.0.40219.1
Project("{FAE04EC0-301F-11D3-BF4B-00C04F79EFBC}") = "TodoTasks", "TodoTasks.csproj", "{7E1C296B-00AF-42C0-8636-8FE799C486BC}"
EndProject
Global
	GlobalSection(SolutionConfigurationPlatforms) = preSolution
		Debug|Any CPU = Debug|Any CPU
		Release|Any CPU = Release|Any CPU
	EndGlobalSection
	GlobalSection(ProjectConfigurationPlatforms) = postSolution
		{7E1C296B-00AF-42C0-8636-8FE799C486BC}.Debug|Any CPU.ActiveCfg = Debug|Any CPU
		{7E1C296B-00AF-42C0-8636-8FE799C486BC}.Debug|Any CPU.Build.0 = Debug|Any CPU
		{7E1C296B-00AF-42C0-8636-8FE799C486BC}.Release|Any CPU.ActiveCfg = Release|Any CPU
		{7E1C296B-00AF-42C0-8636-8FE799C486BC}.Release|Any CPU.Build.0 = Release|Any CPU
	EndGlobalSection
	GlobalSection(SolutionProperties) = preSolution
		HideSolutionNode = FALSE
	EndGlobalSection
	GlobalSection(ExtensibilityGlobals) = postSolution
		SolutionGuid = {BB5B1FA5-8E33-41CA-B306-1CDF3252E1D6}
	EndGlobalSection
EndGlobal
